{
  "name": "wiq_es2a",
  "lockfileVersion": 2,
  "requires": true,
  "packages": {
    "": {
      "dependencies": {
        "wikibase-sdk": "^9.2.5"
      }
    },
    "node_modules/wikibase-sdk": {
      "version": "9.2.5",
      "resolved": "https://registry.npmjs.org/wikibase-sdk/-/wikibase-sdk-9.2.5.tgz",
      "integrity": "sha512-bJ8hPVbnf8UU5AvnZAU6Jp35Uz6sXFzJTLSZRPCwTe1ZMN67szEnGD6gs5f6Ogr+j1b7h2Yis0WXHZBw0YU4XA==",
      "engines": {
        "node": ">= 12.0.0"
      }
    }
  },
  "dependencies": {
    "wikibase-sdk": {
      "version": "9.2.5",
      "resolved": "https://registry.npmjs.org/wikibase-sdk/-/wikibase-sdk-9.2.5.tgz",
      "integrity": "sha512-bJ8hPVbnf8UU5AvnZAU6Jp35Uz6sXFzJTLSZRPCwTe1ZMN67szEnGD6gs5f6Ogr+j1b7h2Yis0WXHZBw0YU4XA=="
    }
  }
}
